
Microsoft Visual Studio Solution File, Format Version 12.00
# Visual Studio Version 17
VisualStudioVersion = 17.7.34024.191
MinimumVisualStudioVersion = 10.0.40219.1
Project("{FAE04EC0-301F-11D3-BF4B-00C04F79EFBC}") = "eTicketing", "eTicketing.csproj", "{C5E7C3BD-B146-4069-9F24-C15AF0554572}"
EndProject
Global
	GlobalSection(SolutionConfigurationPlatforms) = preSolution
		Debug|Any CPU = Debug|Any CPU
		Release|Any CPU = Release|Any CPU
	EndGlobalSection
	GlobalSection(ProjectConfigurationPlatforms) = postSolution
		{C5E7C3BD-B146-4069-9F24-C15AF0554572}.Debug|Any CPU.ActiveCfg = Debug|Any CPU
		{C5E7C3BD-B146-4069-9F24-C15AF0554572}.Debug|Any CPU.Build.0 = Debug|Any CPU
		{C5E7C3BD-B146-4069-9F24-C15AF0554572}.Release|Any CPU.ActiveCfg = Release|Any CPU
		{C5E7C3BD-B146-4069-9F24-C15AF0554572}.Release|Any CPU.Build.0 = Release|Any CPU
	EndGlobalSection
	GlobalSection(SolutionProperties) = preSolution
		HideSolutionNode = FALSE
	EndGlobalSection
	GlobalSection(ExtensibilityGlobals) = postSolution
		SolutionGuid = {D82943BC-74F0-4C47-BCBE-F24C5AFEE11A}
	EndGlobalSection
EndGlobal
